
Microsoft Visual Studio Solution File, Format Version 12.00
# Visual Studio 15
VisualStudioVersion = 15.0.27130.2036
MinimumVisualStudioVersion = 10.0.40219.1
Project("{FAE04EC0-301F-11D3-BF4B-00C04F79EFBC}") = "SimpleClassExample", "SimpleClassExample\SimpleClassExample.csproj", "{5FA8A5F0-B817-4B3E-AA88-88A97F69FA5A}"
EndProject
Global
	GlobalSection(SolutionConfigurationPlatforms) = preSolution
		Debug|Any CPU = Debug|Any CPU
		Release|Any CPU = Release|Any CPU
	EndGlobalSection
	GlobalSection(ProjectConfigurationPlatforms) = postSolution
		{5FA8A5F0-B817-4B3E-AA88-88A97F69FA5A}.Debug|Any CPU.ActiveCfg = Debug|Any CPU
		{5FA8A5F0-B817-4B3E-AA88-88A97F69FA5A}.Debug|Any CPU.Build.0 = Debug|Any CPU
		{5FA8A5F0-B817-4B3E-AA88-88A97F69FA5A}.Release|Any CPU.ActiveCfg = Release|Any CPU
		{5FA8A5F0-B817-4B3E-AA88-88A97F69FA5A}.Release|Any CPU.Build.0 = Release|Any CPU
	EndGlobalSection
	GlobalSection(SolutionProperties) = preSolution
		HideSolutionNode = FALSE
	EndGlobalSection
	GlobalSection(ExtensibilityGlobals) = postSolution
		SolutionGuid = {36CA5564-732F-42A2-9862-EFC22193BF02}
	EndGlobalSection
EndGlobal
