
Microsoft Visual Studio Solution File, Format Version 12.00
# Visual Studio 15
VisualStudioVersion = 15.0.27130.2036
MinimumVisualStudioVersion = 10.0.40219.1
Project("{FAE04EC0-301F-11D3-BF4B-00C04F79EFBC}") = "FunWithEnums", "FunWithEnums\FunWithEnums.csproj", "{84385F1D-423C-4734-B1ED-F1617F6402CF}"
EndProject
Global
	GlobalSection(SolutionConfigurationPlatforms) = preSolution
		Debug|Any CPU = Debug|Any CPU
		Release|Any CPU = Release|Any CPU
	EndGlobalSection
	GlobalSection(ProjectConfigurationPlatforms) = postSolution
		{84385F1D-423C-4734-B1ED-F1617F6402CF}.Debug|Any CPU.ActiveCfg = Debug|Any CPU
		{84385F1D-423C-4734-B1ED-F1617F6402CF}.Debug|Any CPU.Build.0 = Debug|Any CPU
		{84385F1D-423C-4734-B1ED-F1617F6402CF}.Release|Any CPU.ActiveCfg = Release|Any CPU
		{84385F1D-423C-4734-B1ED-F1617F6402CF}.Release|Any CPU.Build.0 = Release|Any CPU
	EndGlobalSection
	GlobalSection(SolutionProperties) = preSolution
		HideSolutionNode = FALSE
	EndGlobalSection
	GlobalSection(ExtensibilityGlobals) = postSolution
		SolutionGuid = {938308C2-8E1B-492C-907B-B149895A4DBB}
	EndGlobalSection
EndGlobal
