
Microsoft Visual Studio Solution File, Format Version 12.00
# Visual Studio 15
VisualStudioVersion = 15.0.27130.2036
MinimumVisualStudioVersion = 10.0.40219.1
Project("{FAE04EC0-301F-11D3-BF4B-00C04F79EFBC}") = "CustomEnumerator", "CustomEnumerator\CustomEnumerator.csproj", "{90E7471E-3A91-4E19-BD78-5761C54D6BBC}"
EndProject
Global
	GlobalSection(SolutionConfigurationPlatforms) = preSolution
		Debug|Any CPU = Debug|Any CPU
		Release|Any CPU = Release|Any CPU
	EndGlobalSection
	GlobalSection(ProjectConfigurationPlatforms) = postSolution
		{90E7471E-3A91-4E19-BD78-5761C54D6BBC}.Debug|Any CPU.ActiveCfg = Debug|Any CPU
		{90E7471E-3A91-4E19-BD78-5761C54D6BBC}.Debug|Any CPU.Build.0 = Debug|Any CPU
		{90E7471E-3A91-4E19-BD78-5761C54D6BBC}.Release|Any CPU.ActiveCfg = Release|Any CPU
		{90E7471E-3A91-4E19-BD78-5761C54D6BBC}.Release|Any CPU.Build.0 = Release|Any CPU
	EndGlobalSection
	GlobalSection(SolutionProperties) = preSolution
		HideSolutionNode = FALSE
	EndGlobalSection
	GlobalSection(ExtensibilityGlobals) = postSolution
		SolutionGuid = {A5459B5B-1B2E-4233-BDB2-ACBADE2E0106}
	EndGlobalSection
EndGlobal
