
Microsoft Visual Studio Solution File, Format Version 12.00
# Visual Studio 15
VisualStudioVersion = 15.0.27130.2036
MinimumVisualStudioVersion = 10.0.40219.1
Project("{FAE04EC0-301F-11D3-BF4B-00C04F79EFBC}") = "ImplicitlyTypedLocalVars", "ImplicitlyTypedLocalVars\ImplicitlyTypedLocalVars.csproj", "{F80FCF24-F802-4D78-AA2B-F946F5AEF007}"
EndProject
Global
	GlobalSection(SolutionConfigurationPlatforms) = preSolution
		Debug|Any CPU = Debug|Any CPU
		Release|Any CPU = Release|Any CPU
	EndGlobalSection
	GlobalSection(ProjectConfigurationPlatforms) = postSolution
		{F80FCF24-F802-4D78-AA2B-F946F5AEF007}.Debug|Any CPU.ActiveCfg = Debug|Any CPU
		{F80FCF24-F802-4D78-AA2B-F946F5AEF007}.Debug|Any CPU.Build.0 = Debug|Any CPU
		{F80FCF24-F802-4D78-AA2B-F946F5AEF007}.Release|Any CPU.ActiveCfg = Release|Any CPU
		{F80FCF24-F802-4D78-AA2B-F946F5AEF007}.Release|Any CPU.Build.0 = Release|Any CPU
	EndGlobalSection
	GlobalSection(SolutionProperties) = preSolution
		HideSolutionNode = FALSE
	EndGlobalSection
	GlobalSection(ExtensibilityGlobals) = postSolution
		SolutionGuid = {D3564D68-4E68-43B9-B350-C5506E42865F}
	EndGlobalSection
EndGlobal
